
Microsoft Visual Studio Solution File, Format Version 12.00
# Visual Studio Version 17
VisualStudioVersion = 17.10.34916.146
MinimumVisualStudioVersion = 10.0.40219.1
Project("{FAE04EC0-301F-11D3-BF4B-00C04F79EFBC}") = "FlightSystem", "FlightSystem\FlightSystem.csproj", "{B083EB57-8C9B-421B-ADBC-DD6C943CE65C}"
EndProject
Global
	GlobalSection(SolutionConfigurationPlatforms) = preSolution
		Debug|Any CPU = Debug|Any CPU
		Release|Any CPU = Release|Any CPU
	EndGlobalSection
	GlobalSection(ProjectConfigurationPlatforms) = postSolution
		{B083EB57-8C9B-421B-ADBC-DD6C943CE65C}.Debug|Any CPU.ActiveCfg = Debug|Any CPU
		{B083EB57-8C9B-421B-ADBC-DD6C943CE65C}.Debug|Any CPU.Build.0 = Debug|Any CPU
		{B083EB57-8C9B-421B-ADBC-DD6C943CE65C}.Release|Any CPU.ActiveCfg = Release|Any CPU
		{B083EB57-8C9B-421B-ADBC-DD6C943CE65C}.Release|Any CPU.Build.0 = Release|Any CPU
	EndGlobalSection
	GlobalSection(SolutionProperties) = preSolution
		HideSolutionNode = FALSE
	EndGlobalSection
	GlobalSection(ExtensibilityGlobals) = postSolution
		SolutionGuid = {28250E9C-095E-4A30-BC67-19EB93C56D2C}
	EndGlobalSection
EndGlobal
